<?xml version="1.0" encoding="utf-8"?>
<Project ToolsVersion="4.0" xmlns="http://schemas.microsoft.com/developer/msbuild/2003">
  <ItemGroup>
    <Filter Include="Source Files">
      <UniqueIdentifier>{b805855f-4e38-4a2e-bbbf-2c0a84a972a2}</UniqueIdentifier>
      <Extensions>cpp;c;cxx;rc;def;r;odl;idl;hpj;bat</Extensions>
    </Filter>
    <Filter Include="Header Files">
      <UniqueIdentifier>{8624a64f-c4fd-4bc8-b546-5cbab25889e2}</UniqueIdentifier>
      <Extensions>h;hpp;hxx;hm;inl</Extensions>
    </Filter>
    <Filter Include="Resource Files">
      <UniqueIdentifier>{fa1391a8-cbc6-4c17-b83a-8ec9d3691b95}</UniqueIdentifier>
      <Extensions>ico;cur;bmp;dlg;rc2;rct;bin;rgs;gif;jpg;jpeg;jpe</Extensions>
    </Filter>
  </ItemGroup>
  <ItemGroup>
    <CustomBuild Include="ReadMe.txt" />
  </ItemGroup>
  <ItemGroup>
    <ClInclude Include="..\Basic.h">
      <Filter>Header Files</Filter>
    </ClInclude>
    <ClInclude Include="..\BasicDlg.h">
      <Filter>Header Files</Filter>
    </ClInclude>
    <ClInclude Include="..\Resource.h">
      <Filter>Header Files</Filter>
    </ClInclude>
    <ClInclude Include="..\SdkCallTrace.h">
      <Filter>Header Files</Filter>
    </ClInclude>
  </ItemGroup>
  <ItemGroup>
    <ClCompile Include="..\BasicDlg.cpp">
      <Filter>Source Files</Filter>
    </ClCompile>
    <ClCompile Include="..\SdkCallTrace.cpp">
      <Filter>Source Files</Filter>
    </ClCompile>
    <ClCompile Include="..\Basic.cpp">
      <Filter>Source Files</Filter>
    </ClCompile>
  </ItemGroup>
  <ItemGroup>
    <None Include="..\ReadMe.txt" />
    <None Include="..\res\Basic.ico">
      <Filter>Resource Files</Filter>
    </None>
    <None Include="..\res\Basic.rc2">
      <Filter>Resource Files</Filter>
    </None>
    <None Include="ClassDiagram1.cd" />
    <None Include="..\res\default1.bin">
      <Filter>Resource Files</Filter>
    </None>
  </ItemGroup>
  <ItemGroup>
    <ResourceCompile Include="..\Basic.rc">
      <Filter>Resource Files</Filter>
    </ResourceCompile>
  </ItemGroup>
</Project>